// !$*UTF8*$!
{
	archiveVersion = 1;
	classes = {
	};
	objectVersion = 50;
	objects = {

/* Begin PBXBuildFile section */
		AC4BD0C321ECCF4100FF4114 /* ImagesEnum.swift in Sources */ = {isa = PBXBuildFile; fileRef = AC4BD0C221ECCF4100FF4114 /* ImagesEnum.swift */; };
		AC7AB60E21F7602100B79B0E /* ResultBmi.storyboard in Resources */ = {isa = PBXBuildFile; fileRef = AC7AB60C21F7602100B79B0E /* ResultBmi.storyboard */; };
		AC7AB61021F761B700B79B0E /* Sign.storyboard in Resources */ = {isa = PBXBuildFile; fileRef = AC7AB60F21F761B700B79B0E /* Sign.storyboard */; };
		AC96223121E7D3B2007D2BA9 /* AppDelegate.swift in Sources */ = {isa = PBXBuildFile; fileRef = AC96223021E7D3B2007D2BA9 /* AppDelegate.swift */; };
		AC96223321E7D3B2007D2BA9 /* ViewController.swift in Sources */ = {isa = PBXBuildFile; fileRef = AC96223221E7D3B2007D2BA9 /* ViewController.swift */; };
		AC96223621E7D3B2007D2BA9 /* Main.storyboard in Resources */ = {isa = PBXBuildFile; fileRef = AC96223421E7D3B2007D2BA9 /* Main.storyboard */; };
		AC96223821E7D3B4007D2BA9 /* Assets.xcassets in Resources */ = {isa = PBXBuildFile; fileRef = AC96223721E7D3B4007D2BA9 /* Assets.xcassets */; };
		AC96223B21E7D3B4007D2BA9 /* LaunchScreen.storyboard in Resources */ = {isa = PBXBuildFile; fileRef = AC96223921E7D3B4007D2BA9 /* LaunchScreen.storyboard */; };
		AC96224321E8AA77007D2BA9 /* Model.swift in Sources */ = {isa = PBXBuildFile; fileRef = AC96224221E8AA77007D2BA9 /* Model.swift */; };
		AC96224521E8B120007D2BA9 /* CalcBmiViewController.swift in Sources */ = {isa = PBXBuildFile; fileRef = AC96224421E8B120007D2BA9 /* CalcBmiViewController.swift */; };
		ACF0F76521F61ABB004D42A1 /* TableViewController.swift in Sources */ = {isa = PBXBuildFile; fileRef = ACF0F76421F61ABB004D42A1 /* TableViewController.swift */; };
		ACF0F76921F61B9F004D42A1 /* ModelTable.swift in Sources */ = {isa = PBXBuildFile; fileRef = ACF0F76821F61B9F004D42A1 /* ModelTable.swift */; };
/* End PBXBuildFile section */

/* Begin PBXFileReference section */
		AC4BD0C221ECCF4100FF4114 /* ImagesEnum.swift */ = {isa = PBXFileReference; lastKnownFileType = sourcecode.swift; path = ImagesEnum.swift; sourceTree = "<group>"; };
		AC7AB60D21F7602100B79B0E /* Base */ = {isa = PBXFileReference; lastKnownFileType = file.storyboard; name = Base; path = bmi2.0/Sto/Base.lproj/ResultBmi.storyboard; sourceTree = "<group>"; };
		AC7AB60F21F761B700B79B0E /* Sign.storyboard */ = {isa = PBXFileReference; fileEncoding = 4; lastKnownFileType = file.storyboard; path = Sign.storyboard; sourceTree = "<group>"; };
		AC96222D21E7D3B2007D2BA9 /* bmi2.0.app */ = {isa = PBXFileReference; explicitFileType = wrapper.application; includeInIndex = 0; path = bmi2.0.app; sourceTree = BUILT_PRODUCTS_DIR; };
		AC96223021E7D3B2007D2BA9 /* AppDelegate.swift */ = {isa = PBXFileReference; lastKnownFileType = sourcecode.swift; path = AppDelegate.swift; sourceTree = "<group>"; };
		AC96223221E7D3B2007D2BA9 /* ViewController.swift */ = {isa = PBXFileReference; lastKnownFileType = sourcecode.swift; path = ViewController.swift; sourceTree = "<group>"; };
		AC96223521E7D3B2007D2BA9 /* Base */ = {isa = PBXFileReference; lastKnownFileType = file.storyboard; name = Base; path = Base.lproj/Main.storyboard; sourceTree = "<group>"; };
		AC96223721E7D3B4007D2BA9 /* Assets.xcassets */ = {isa = PBXFileReference; lastKnownFileType = folder.assetcatalog; path = Assets.xcassets; sourceTree = "<group>"; };
		AC96223A21E7D3B4007D2BA9 /* Base */ = {isa = PBXFileReference; lastKnownFileType = file.storyboard; name = Base; path = Base.lproj/LaunchScreen.storyboard; sourceTree = "<group>"; };
		AC96223C21E7D3B4007D2BA9 /* Info.plist */ = {isa = PBXFileReference; lastKnownFileType = text.plist.xml; path = Info.plist; sourceTree = "<group>"; };
		AC96224221E8AA77007D2BA9 /* Model.swift */ = {isa = PBXFileReference; lastKnownFileType = sourcecode.swift; path = Model.swift; sourceTree = "<group>"; };
		AC96224421E8B120007D2BA9 /* CalcBmiViewController.swift */ = {isa = PBXFileReference; lastKnownFileType = sourcecode.swift; path = CalcBmiViewController.swift; sourceTree = "<group>"; };
		ACF0F76421F61ABB004D42A1 /* TableViewController.swift */ = {isa = PBXFileReference; lastKnownFileType = sourcecode.swift; path = TableViewController.swift; sourceTree = "<group>"; };
		ACF0F76821F61B9F004D42A1 /* ModelTable.swift */ = {isa = PBXFileReference; lastKnownFileType = sourcecode.swift; path = ModelTable.swift; sourceTree = "<group>"; };
/* End PBXFileReference section */

/* Begin PBXFrameworksBuildPhase section */
		AC96222A21E7D3B2007D2BA9 /* Frameworks */ = {
			isa = PBXFrameworksBuildPhase;
			buildActionMask = 2147483647;
			files = (
			);
			runOnlyForDeploymentPostprocessing = 0;
		};
/* End PBXFrameworksBuildPhase section */

/* Begin PBXGroup section */
		AC7AB60721F72A1E00B79B0E /* TableSettings */ = {
			isa = PBXGroup;
			children = (
				ACF0F76421F61ABB004D42A1 /* TableViewController.swift */,
				ACF0F76821F61B9F004D42A1 /* ModelTable.swift */,
			);
			path = TableSettings;
			sourceTree = "<group>";
		};
		AC7AB60821F72A5100B79B0E /* Bmi */ = {
			isa = PBXGroup;
			children = (
				AC96223221E7D3B2007D2BA9 /* ViewController.swift */,
				AC96224421E8B120007D2BA9 /* CalcBmiViewController.swift */,
				AC96224221E8AA77007D2BA9 /* Model.swift */,
				AC4BD0C221ECCF4100FF4114 /* ImagesEnum.swift */,
			);
			path = Bmi;
			sourceTree = "<group>";
		};
		AC7AB60B21F74A0E00B79B0E /* Sto */ = {
			isa = PBXGroup;
			children = (
				AC7AB60F21F761B700B79B0E /* Sign.storyboard */,
				AC7AB60C21F7602100B79B0E /* ResultBmi.storyboard */,
				AC96223421E7D3B2007D2BA9 /* Main.storyboard */,
			);
			path = Sto;
			sourceTree = "<group>";
		};
		AC96222421E7D3B2007D2BA9 = {
			isa = PBXGroup;
			children = (
				AC96222F21E7D3B2007D2BA9 /* bmi2.0 */,
				AC96222E21E7D3B2007D2BA9 /* Products */,
			);
			sourceTree = "<group>";
		};
		AC96222E21E7D3B2007D2BA9 /* Products */ = {
			isa = PBXGroup;
			children = (
				AC96222D21E7D3B2007D2BA9 /* bmi2.0.app */,
			);
			name = Products;
			sourceTree = "<group>";
		};
		AC96222F21E7D3B2007D2BA9 /* bmi2.0 */ = {
			isa = PBXGroup;
			children = (
				AC7AB60821F72A5100B79B0E /* Bmi */,
				AC7AB60721F72A1E00B79B0E /* TableSettings */,
				AC96223021E7D3B2007D2BA9 /* AppDelegate.swift */,
				AC7AB60B21F74A0E00B79B0E /* Sto */,
				AC96223721E7D3B4007D2BA9 /* Assets.xcassets */,
				AC96223921E7D3B4007D2BA9 /* LaunchScreen.storyboard */,
				AC96223C21E7D3B4007D2BA9 /* Info.plist */,
			);
			path = bmi2.0;
			sourceTree = "<group>";
		};
/* End PBXGroup section */

/* Begin PBXNativeTarget section */
		AC96222C21E7D3B2007D2BA9 /* bmi2.0 */ = {
			isa = PBXNativeTarget;
			buildConfigurationList = AC96223F21E7D3B4007D2BA9 /* Build configuration list for PBXNativeTarget "bmi2.0" */;
			buildPhases = (
				AC96222921E7D3B2007D2BA9 /* Sources */,
				AC96222A21E7D3B2007D2BA9 /* Frameworks */,
				AC96222B21E7D3B2007D2BA9 /* Resources */,
			);
			buildRules = (
			);
			dependencies = (
			);
			name = bmi2.0;
			productName = bmi2.0;
			productReference = AC96222D21E7D3B2007D2BA9 /* bmi2.0.app */;
			productType = "com.apple.product-type.application";
		};
/* End PBXNativeTarget section */

/* Begin PBXProject section */
		AC96222521E7D3B2007D2BA9 /* Project object */ = {
			isa = PBXProject;
			attributes = {
				LastSwiftUpdateCheck = 1010;
				LastUpgradeCheck = 1010;
				ORGANIZATIONNAME = "Артем";
				TargetAttributes = {
					AC96222C21E7D3B2007D2BA9 = {
						CreatedOnToolsVersion = 10.1;
					};
				};
			};
			buildConfigurationList = AC96222821E7D3B2007D2BA9 /* Build configuration list for PBXProject "bmi2.0" */;
			compatibilityVersion = "Xcode 9.3";
			developmentRegion = en;
			hasScannedForEncodings = 0;
			knownRegions = (
				en,
				Base,
			);
			mainGroup = AC96222421E7D3B2007D2BA9;
			productRefGroup = AC96222E21E7D3B2007D2BA9 /* Products */;
			projectDirPath = "";
			projectRoot = "";
			targets = (
				AC96222C21E7D3B2007D2BA9 /* bmi2.0 */,
			);
		};
/* End PBXProject section */

/* Begin PBXResourcesBuildPhase section */
		AC96222B21E7D3B2007D2BA9 /* Resources */ = {
			isa = PBXResourcesBuildPhase;
			buildActionMask = 2147483647;
			files = (
				AC96223B21E7D3B4007D2BA9 /* LaunchScreen.storyboard in Resources */,
				AC96223821E7D3B4007D2BA9 /* Assets.xcassets in Resources */,
				AC7AB60E21F7602100B79B0E /* ResultBmi.storyboard in Resources */,
				AC7AB61021F761B700B79B0E /* Sign.storyboard in Resources */,
				AC96223621E7D3B2007D2BA9 /* Main.storyboard in Resources */,
			);
			runOnlyForDeploymentPostprocessing = 0;
		};
/* End PBXResourcesBuildPhase section */

/* Begin PBXSourcesBuildPhase section */
		AC96222921E7D3B2007D2BA9 /* Sources */ = {
			isa = PBXSourcesBuildPhase;
			buildActionMask = 2147483647;
			files = (
				AC96224521E8B120007D2BA9 /* CalcBmiViewController.swift in Sources */,
				ACF0F76521F61ABB004D42A1 /* TableViewController.swift in Sources */,
				ACF0F76921F61B9F004D42A1 /* ModelTable.swift in Sources */,
				AC96224321E8AA77007D2BA9 /* Model.swift in Sources */,
				AC4BD0C321ECCF4100FF4114 /* ImagesEnum.swift in Sources */,
				AC96223321E7D3B2007D2BA9 /* ViewController.swift in Sources */,
				AC96223121E7D3B2007D2BA9 /* AppDelegate.swift in Sources */,
			);
			runOnlyForDeploymentPostprocessing = 0;
		};
/* End PBXSourcesBuildPhase section */

/* Begin PBXVariantGroup section */
		AC7AB60C21F7602100B79B0E /* ResultBmi.storyboard */ = {
			isa = PBXVariantGroup;
			children = (
				AC7AB60D21F7602100B79B0E /* Base */,
			);
			name = ResultBmi.storyboard;
			sourceTree = "<group>";
		};
		AC96223421E7D3B2007D2BA9 /* Main.storyboard */ = {
			isa = PBXVariantGroup;
			children = (
				AC96223521E7D3B2007D2BA9 /* Base */,
			);
			name = Main.storyboard;
			sourceTree = "<group>";
		};
		AC96223921E7D3B4007D2BA9 /* LaunchScreen.storyboard */ = {
			isa = PBXVariantGroup;
			children = (
				AC96223A21E7D3B4007D2BA9 /* Base */,
			);
			name = LaunchScreen.storyboard;
			sourceTree = "<group>";
		};
/* End PBXVariantGroup section */

/* Begin XCBuildConfiguration section */
		AC96223D21E7D3B4007D2BA9 /* Debug */ = {
			isa = XCBuildConfiguration;
			buildSettings = {
				ALWAYS_SEARCH_USER_PATHS = NO;
				CLANG_ANALYZER_NONNULL = YES;
				CLANG_ANALYZER_NUMBER_OBJECT_CONVERSION = YES_AGGRESSIVE;
				CLANG_CXX_LANGUAGE_STANDARD = "gnu++14";
				CLANG_CXX_LIBRARY = "libc++";
				CLANG_ENABLE_MODULES = YES;
				CLANG_ENABLE_OBJC_ARC = YES;
				CLANG_ENABLE_OBJC_WEAK = YES;
				CLANG_WARN_BLOCK_CAPTURE_AUTORELEASING = YES;
				CLANG_WARN_BOOL_CONVERSION = YES;
				CLANG_WARN_COMMA = YES;
				CLANG_WARN_CONSTANT_CONVERSION = YES;
				CLANG_WARN_DEPRECATED_OBJC_IMPLEMENTATIONS = YES;
				CLANG_WARN_DIRECT_OBJC_ISA_USAGE = YES_ERROR;
				CLANG_WARN_DOCUMENTATION_COMMENTS = YES;
				CLANG_WARN_EMPTY_BODY = YES;
				CLANG_WARN_ENUM_CONVERSION = YES;
				CLANG_WARN_INFINITE_RECURSION = YES;
				CLANG_WARN_INT_CONVERSION = YES;
				CLANG_WARN_NON_LITERAL_NULL_CONVERSION = YES;
				CLANG_WARN_OBJC_IMPLICIT_RETAIN_SELF = YES;
				CLANG_WARN_OBJC_LITERAL_CONVERSION = YES;
				CLANG_WARN_OBJC_ROOT_CLASS = YES_ERROR;
				CLANG_WARN_RANGE_LOOP_ANALYSIS = YES;
				CLANG_WARN_STRICT_PROTOTYPES = YES;
				CLANG_WARN_SUSPICIOUS_MOVE = YES;
				CLANG_WARN_UNGUARDED_AVAILABILITY = YES_AGGRESSIVE;
				CLANG_WARN_UNREACHABLE_CODE = YES;
				CLANG_WARN__DUPLICATE_METHOD_MATCH = YES;
				CODE_SIGN_IDENTITY = "iPhone Developer";
				COPY_PHASE_STRIP = NO;
				DEBUG_INFORMATION_FORMAT = dwarf;
				ENABLE_STRICT_OBJC_MSGSEND = YES;
				ENABLE_TESTABILITY = YES;
				GCC_C_LANGUAGE_STANDARD = gnu11;
				GCC_DYNAMIC_NO_PIC = NO;
				GCC_NO_COMMON_BLOCKS = YES;
				GCC_OPTIMIZATION_LEVEL = 0;
				GCC_PREPROCESSOR_DEFINITIONS = (
					"DEBUG=1",
					"$(inherited)",
				);
				GCC_WARN_64_TO_32_BIT_CONVERSION = YES;
				GCC_WARN_ABOUT_RETURN_TYPE = YES_ERROR;
				GCC_WARN_UNDECLARED_SELECTOR = YES;
				GCC_WARN_UNINITIALIZED_AUTOS = YES_AGGRESSIVE;
				GCC_WARN_UNUSED_FUNCTION = YES;
				GCC_WARN_UNUSED_VARIABLE = YES;
				IPHONEOS_DEPLOYMENT_TARGET = 12.1;
				MTL_ENABLE_DEBUG_INFO = INCLUDE_SOURCE;
				MTL_FAST_MATH = YES;
				ONLY_ACTIVE_ARCH = YES;
				SDKROOT = iphoneos;
				SWIFT_ACTIVE_COMPILATION_CONDITIONS = DEBUG;
				SWIFT_OPTIMIZATION_LEVEL = "-Onone";
			};
			name = Debug;
		};
		AC96223E21E7D3B4007D2BA9 /* Release */ = {
			isa = XCBuildConfiguration;
			buildSettings = {
				ALWAYS_SEARCH_USER_PATHS = NO;
				CLANG_ANALYZER_NONNULL = YES;
				CLANG_ANALYZER_NUMBER_OBJECT_CONVERSION = YES_AGGRESSIVE;
				CLANG_CXX_LANGUAGE_STANDARD = "gnu++14";
				CLANG_CXX_LIBRARY = "libc++";
				CLANG_ENABLE_MODULES = YES;
				CLANG_ENABLE_OBJC_ARC = YES;
				CLANG_ENABLE_OBJC_WEAK = YES;
				CLANG_WARN_BLOCK_CAPTURE_AUTORELEASING = YES;
				CLANG_WARN_BOOL_CONVERSION = YES;
				CLANG_WARN_COMMA = YES;
				CLANG_WARN_CONSTANT_CONVERSION = YES;
				CLANG_WARN_DEPRECATED_OBJC_IMPLEMENTATIONS = YES;
				CLANG_WARN_DIRECT_OBJC_ISA_USAGE = YES_ERROR;
				CLANG_WARN_DOCUMENTATION_COMMENTS = YES;
				CLANG_WARN_EMPTY_BODY = YES;
				CLANG_WARN_ENUM_CONVERSION = YES;
				CLANG_WARN_INFINITE_RECURSION = YES;
				CLANG_WARN_INT_CONVERSION = YES;
				CLANG_WARN_NON_LITERAL_NULL_CONVERSION = YES;
				CLANG_WARN_OBJC_IMPLICIT_RETAIN_SELF = YES;
				CLANG_WARN_OBJC_LITERAL_CONVERSION = YES;
				CLANG_WARN_OBJC_ROOT_CLASS = YES_ERROR;
				CLANG_WARN_RANGE_LOOP_ANALYSIS = YES;
				CLANG_WARN_STRICT_PROTOTYPES = YES;
				CLANG_WARN_SUSPICIOUS_MOVE = YES;
				CLANG_WARN_UNGUARDED_AVAILABILITY = YES_AGGRESSIVE;
				CLANG_WARN_UNREACHABLE_CODE = YES;
				CLANG_WARN__DUPLICATE_METHOD_MATCH = YES;
				CODE_SIGN_IDENTITY = "iPhone Developer";
				COPY_PHASE_STRIP = NO;
				DEBUG_INFORMATION_FORMAT = "dwarf-with-dsym";
				ENABLE_NS_ASSERTIONS = NO;
				ENABLE_STRICT_OBJC_MSGSEND = YES;
				GCC_C_LANGUAGE_STANDARD = gnu11;
				GCC_NO_COMMON_BLOCKS = YES;
				GCC_WARN_64_TO_32_BIT_CONVERSION = YES;
				GCC_WARN_ABOUT_RETURN_TYPE = YES_ERROR;
				GCC_WARN_UNDECLARED_SELECTOR = YES;
				GCC_WARN_UNINITIALIZED_AUTOS = YES_AGGRESSIVE;
				GCC_WARN_UNUSED_FUNCTION = YES;
				GCC_WARN_UNUSED_VARIABLE = YES;
				IPHONEOS_DEPLOYMENT_TARGET = 12.1;
				MTL_ENABLE_DEBUG_INFO = NO;
				MTL_FAST_MATH = YES;
				SDKROOT = iphoneos;
				SWIFT_COMPILATION_MODE = wholemodule;
				SWIFT_OPTIMIZATION_LEVEL = "-O";
				VALIDATE_PRODUCT = YES;
			};
			name = Release;
		};
		AC96224021E7D3B4007D2BA9 /* Debug */ = {
			isa = XCBuildConfiguration;
			buildSettings = {
				ASSETCATALOG_COMPILER_APPICON_NAME = AppIcon;
				CODE_SIGN_STYLE = Automatic;
				DEVELOPMENT_TEAM = SP8ZAT56L5;
				INFOPLIST_FILE = bmi2.0/Info.plist;
				LD_RUNPATH_SEARCH_PATHS = (
					"$(inherited)",
					"@executable_path/Frameworks",
				);
				PRODUCT_BUNDLE_IDENTIFIER = "Art.bmi2-0";
				PRODUCT_NAME = "$(TARGET_NAME)";
				SWIFT_VERSION = 4.2;
				TARGETED_DEVICE_FAMILY = "1,2";
			};
			name = Debug;
		};
		AC96224121E7D3B4007D2BA9 /* Release */ = {
			isa = XCBuildConfiguration;
			buildSettings = {
				ASSETCATALOG_COMPILER_APPICON_NAME = AppIcon;
				CODE_SIGN_STYLE = Automatic;
				DEVELOPMENT_TEAM = SP8ZAT56L5;
				INFOPLIST_FILE = bmi2.0/Info.plist;
				LD_RUNPATH_SEARCH_PATHS = (
					"$(inherited)",
					"@executable_path/Frameworks",
				);
				PRODUCT_BUNDLE_IDENTIFIER = "Art.bmi2-0";
				PRODUCT_NAME = "$(TARGET_NAME)";
				SWIFT_VERSION = 4.2;
				TARGETED_DEVICE_FAMILY = "1,2";
			};
			name = Release;
		};
/* End XCBuildConfiguration section */

/* Begin XCConfigurationList section */
		AC96222821E7D3B2007D2BA9 /* Build configuration list for PBXProject "bmi2.0" */ = {
			isa = XCConfigurationList;
			buildConfigurations = (
				AC96223D21E7D3B4007D2BA9 /* Debug */,
				AC96223E21E7D3B4007D2BA9 /* Release */,
			);
			defaultConfigurationIsVisible = 0;
			defaultConfigurationName = Release;
		};
		AC96223F21E7D3B4007D2BA9 /* Build configuration list for PBXNativeTarget "bmi2.0" */ = {
			isa = XCConfigurationList;
			buildConfigurations = (
				AC96224021E7D3B4007D2BA9 /* Debug */,
				AC96224121E7D3B4007D2BA9 /* Release */,
			);
			defaultConfigurationIsVisible = 0;
			defaultConfigurationName = Release;
		};
/* End XCConfigurationList section */
	};
	rootObject = AC96222521E7D3B2007D2BA9 /* Project object */;
}
